// !$*UTF8*$!
{
	archiveVersion = 1;
	classes = {
	};
	objectVersion = 56;
	objects = {

/* Begin PBXBuildFile section */
		D40686812A124B7E00DFE534 /* AppDelegate.swift in Sources */ = {isa = PBXBuildFile; fileRef = D40686802A124B7E00DFE534 /* AppDelegate.swift */; };
		D40686832A124B7E00DFE534 /* SceneDelegate.swift in Sources */ = {isa = PBXBuildFile; fileRef = D40686822A124B7E00DFE534 /* SceneDelegate.swift */; };
		D40686852A124B7E00DFE534 /* ViewController.swift in Sources */ = {isa = PBXBuildFile; fileRef = D40686842A124B7E00DFE534 /* ViewController.swift */; };
		D40686882A124B7E00DFE534 /* Main.storyboard in Resources */ = {isa = PBXBuildFile; fileRef = D40686862A124B7E00DFE534 /* Main.storyboard */; };
		D406868A2A124B7F00DFE534 /* Assets.xcassets in Resources */ = {isa = PBXBuildFile; fileRef = D40686892A124B7F00DFE534 /* Assets.xcassets */; };
		D406868D2A124B7F00DFE534 /* LaunchScreen.storyboard in Resources */ = {isa = PBXBuildFile; fileRef = D406868B2A124B7F00DFE534 /* LaunchScreen.storyboard */; };
		D40686982A124B7F00DFE534 /* ImageSearchTests.swift in Sources */ = {isa = PBXBuildFile; fileRef = D40686972A124B7F00DFE534 /* ImageSearchTests.swift */; };
		D40686A22A124B7F00DFE534 /* ImageSearchUITests.swift in Sources */ = {isa = PBXBuildFile; fileRef = D40686A12A124B7F00DFE534 /* ImageSearchUITests.swift */; };
		D40686A42A124B7F00DFE534 /* ImageSearchUITestsLaunchTests.swift in Sources */ = {isa = PBXBuildFile; fileRef = D40686A32A124B7F00DFE534 /* ImageSearchUITestsLaunchTests.swift */; };
		D40686B32A13ABD100DFE534 /* SearchViewModel.swift in Sources */ = {isa = PBXBuildFile; fileRef = D40686B22A13ABD100DFE534 /* SearchViewModel.swift */; };
		D40686B52A13AD9600DFE534 /* ImageCell.swift in Sources */ = {isa = PBXBuildFile; fileRef = D40686B42A13AD9600DFE534 /* ImageCell.swift */; };
		D40686B72A13ADD000DFE534 /* ImageGalleryViewController.swift in Sources */ = {isa = PBXBuildFile; fileRef = D40686B62A13ADD000DFE534 /* ImageGalleryViewController.swift */; };
/* End PBXBuildFile section */

/* Begin PBXContainerItemProxy section */
		D40686942A124B7F00DFE534 /* PBXContainerItemProxy */ = {
			isa = PBXContainerItemProxy;
			containerPortal = D40686752A124B7E00DFE534 /* Project object */;
			proxyType = 1;
			remoteGlobalIDString = D406867C2A124B7E00DFE534;
			remoteInfo = ImageSearch;
		};
		D406869E2A124B7F00DFE534 /* PBXContainerItemProxy */ = {
			isa = PBXContainerItemProxy;
			containerPortal = D40686752A124B7E00DFE534 /* Project object */;
			proxyType = 1;
			remoteGlobalIDString = D406867C2A124B7E00DFE534;
			remoteInfo = ImageSearch;
		};
/* End PBXContainerItemProxy section */

/* Begin PBXFileReference section */
		D406867D2A124B7E00DFE534 /* ImageSearch.app */ = {isa = PBXFileReference; explicitFileType = wrapper.application; includeInIndex = 0; path = ImageSearch.app; sourceTree = BUILT_PRODUCTS_DIR; };
		D40686802A124B7E00DFE534 /* AppDelegate.swift */ = {isa = PBXFileReference; lastKnownFileType = sourcecode.swift; path = AppDelegate.swift; sourceTree = "<group>"; };
		D40686822A124B7E00DFE534 /* SceneDelegate.swift */ = {isa = PBXFileReference; lastKnownFileType = sourcecode.swift; path = SceneDelegate.swift; sourceTree = "<group>"; };
		D40686842A124B7E00DFE534 /* ViewController.swift */ = {isa = PBXFileReference; lastKnownFileType = sourcecode.swift; path = ViewController.swift; sourceTree = "<group>"; };
		D40686872A124B7E00DFE534 /* Base */ = {isa = PBXFileReference; lastKnownFileType = file.storyboard; name = Base; path = Base.lproj/Main.storyboard; sourceTree = "<group>"; };
		D40686892A124B7F00DFE534 /* Assets.xcassets */ = {isa = PBXFileReference; lastKnownFileType = folder.assetcatalog; path = Assets.xcassets; sourceTree = "<group>"; };
		D406868C2A124B7F00DFE534 /* Base */ = {isa = PBXFileReference; lastKnownFileType = file.storyboard; name = Base; path = Base.lproj/LaunchScreen.storyboard; sourceTree = "<group>"; };
		D406868E2A124B7F00DFE534 /* Info.plist */ = {isa = PBXFileReference; lastKnownFileType = text.plist.xml; path = Info.plist; sourceTree = "<group>"; };
		D40686932A124B7F00DFE534 /* ImageSearchTests.xctest */ = {isa = PBXFileReference; explicitFileType = wrapper.cfbundle; includeInIndex = 0; path = ImageSearchTests.xctest; sourceTree = BUILT_PRODUCTS_DIR; };
		D40686972A124B7F00DFE534 /* ImageSearchTests.swift */ = {isa = PBXFileReference; lastKnownFileType = sourcecode.swift; path = ImageSearchTests.swift; sourceTree = "<group>"; };
		D406869D2A124B7F00DFE534 /* ImageSearchUITests.xctest */ = {isa = PBXFileReference; explicitFileType = wrapper.cfbundle; includeInIndex = 0; path = ImageSearchUITests.xctest; sourceTree = BUILT_PRODUCTS_DIR; };
		D40686A12A124B7F00DFE534 /* ImageSearchUITests.swift */ = {isa = PBXFileReference; lastKnownFileType = sourcecode.swift; path = ImageSearchUITests.swift; sourceTree = "<group>"; };
		D40686A32A124B7F00DFE534 /* ImageSearchUITestsLaunchTests.swift */ = {isa = PBXFileReference; lastKnownFileType = sourcecode.swift; path = ImageSearchUITestsLaunchTests.swift; sourceTree = "<group>"; };
		D40686B22A13ABD100DFE534 /* SearchViewModel.swift */ = {isa = PBXFileReference; lastKnownFileType = sourcecode.swift; path = SearchViewModel.swift; sourceTree = "<group>"; };
		D40686B42A13AD9600DFE534 /* ImageCell.swift */ = {isa = PBXFileReference; lastKnownFileType = sourcecode.swift; path = ImageCell.swift; sourceTree = "<group>"; };
		D40686B62A13ADD000DFE534 /* ImageGalleryViewController.swift */ = {isa = PBXFileReference; lastKnownFileType = sourcecode.swift; name = ImageGalleryViewController.swift; path = ../ImageGalleryViewController.swift; sourceTree = "<group>"; };
/* End PBXFileReference section */

/* Begin PBXFrameworksBuildPhase section */
		D406867A2A124B7E00DFE534 /* Frameworks */ = {
			isa = PBXFrameworksBuildPhase;
			buildActionMask = 2147483647;
			files = (
			);
			runOnlyForDeploymentPostprocessing = 0;
		};
		D40686902A124B7F00DFE534 /* Frameworks */ = {
			isa = PBXFrameworksBuildPhase;
			buildActionMask = 2147483647;
			files = (
			);
			runOnlyForDeploymentPostprocessing = 0;
		};
		D406869A2A124B7F00DFE534 /* Frameworks */ = {
			isa = PBXFrameworksBuildPhase;
			buildActionMask = 2147483647;
			files = (
			);
			runOnlyForDeploymentPostprocessing = 0;
		};
/* End PBXFrameworksBuildPhase section */

/* Begin PBXGroup section */
		D40686742A124B7E00DFE534 = {
			isa = PBXGroup;
			children = (
				D406867F2A124B7E00DFE534 /* ImageSearch */,
				D40686962A124B7F00DFE534 /* ImageSearchTests */,
				D40686A02A124B7F00DFE534 /* ImageSearchUITests */,
				D406867E2A124B7E00DFE534 /* Products */,
			);
			sourceTree = "<group>";
		};
		D406867E2A124B7E00DFE534 /* Products */ = {
			isa = PBXGroup;
			children = (
				D406867D2A124B7E00DFE534 /* ImageSearch.app */,
				D40686932A124B7F00DFE534 /* ImageSearchTests.xctest */,
				D406869D2A124B7F00DFE534 /* ImageSearchUITests.xctest */,
			);
			name = Products;
			sourceTree = "<group>";
		};
		D406867F2A124B7E00DFE534 /* ImageSearch */ = {
			isa = PBXGroup;
			children = (
				D40686B62A13ADD000DFE534 /* ImageGalleryViewController.swift */,
				D40686842A124B7E00DFE534 /* ViewController.swift */,
				D40686B22A13ABD100DFE534 /* SearchViewModel.swift */,
				D40686B42A13AD9600DFE534 /* ImageCell.swift */,
				D40686802A124B7E00DFE534 /* AppDelegate.swift */,
				D40686822A124B7E00DFE534 /* SceneDelegate.swift */,
				D40686862A124B7E00DFE534 /* Main.storyboard */,
				D40686892A124B7F00DFE534 /* Assets.xcassets */,
				D406868B2A124B7F00DFE534 /* LaunchScreen.storyboard */,
				D406868E2A124B7F00DFE534 /* Info.plist */,
			);
			path = ImageSearch;
			sourceTree = "<group>";
		};
		D40686962A124B7F00DFE534 /* ImageSearchTests */ = {
			isa = PBXGroup;
			children = (
				D40686972A124B7F00DFE534 /* ImageSearchTests.swift */,
			);
			path = ImageSearchTests;
			sourceTree = "<group>";
		};
		D40686A02A124B7F00DFE534 /* ImageSearchUITests */ = {
			isa = PBXGroup;
			children = (
				D40686A12A124B7F00DFE534 /* ImageSearchUITests.swift */,
				D40686A32A124B7F00DFE534 /* ImageSearchUITestsLaunchTests.swift */,
			);
			path = ImageSearchUITests;
			sourceTree = "<group>";
		};
/* End PBXGroup section */

/* Begin PBXNativeTarget section */
		D406867C2A124B7E00DFE534 /* ImageSearch */ = {
			isa = PBXNativeTarget;
			buildConfigurationList = D40686A72A124B7F00DFE534 /* Build configuration list for PBXNativeTarget "ImageSearch" */;
			buildPhases = (
				D40686792A124B7E00DFE534 /* Sources */,
				D406867A2A124B7E00DFE534 /* Frameworks */,
				D406867B2A124B7E00DFE534 /* Resources */,
			);
			buildRules = (
			);
			dependencies = (
			);
			name = ImageSearch;
			productName = ImageSearch;
			productReference = D406867D2A124B7E00DFE534 /* ImageSearch.app */;
			productType = "com.apple.product-type.application";
		};
		D40686922A124B7F00DFE534 /* ImageSearchTests */ = {
			isa = PBXNativeTarget;
			buildConfigurationList = D40686AA2A124B7F00DFE534 /* Build configuration list for PBXNativeTarget "ImageSearchTests" */;
			buildPhases = (
				D406868F2A124B7F00DFE534 /* Sources */,
				D40686902A124B7F00DFE534 /* Frameworks */,
				D40686912A124B7F00DFE534 /* Resources */,
			);
			buildRules = (
			);
			dependencies = (
				D40686952A124B7F00DFE534 /* PBXTargetDependency */,
			);
			name = ImageSearchTests;
			productName = ImageSearchTests;
			productReference = D40686932A124B7F00DFE534 /* ImageSearchTests.xctest */;
			productType = "com.apple.product-type.bundle.unit-test";
		};
		D406869C2A124B7F00DFE534 /* ImageSearchUITests */ = {
			isa = PBXNativeTarget;
			buildConfigurationList = D40686AD2A124B7F00DFE534 /* Build configuration list for PBXNativeTarget "ImageSearchUITests" */;
			buildPhases = (
				D40686992A124B7F00DFE534 /* Sources */,
				D406869A2A124B7F00DFE534 /* Frameworks */,
				D406869B2A124B7F00DFE534 /* Resources */,
			);
			buildRules = (
			);
			dependencies = (
				D406869F2A124B7F00DFE534 /* PBXTargetDependency */,
			);
			name = ImageSearchUITests;
			productName = ImageSearchUITests;
			productReference = D406869D2A124B7F00DFE534 /* ImageSearchUITests.xctest */;
			productType = "com.apple.product-type.bundle.ui-testing";
		};
/* End PBXNativeTarget section */

/* Begin PBXProject section */
		D40686752A124B7E00DFE534 /* Project object */ = {
			isa = PBXProject;
			attributes = {
				BuildIndependentTargetsInParallel = 1;
				LastSwiftUpdateCheck = 1430;
				LastUpgradeCheck = 1430;
				TargetAttributes = {
					D406867C2A124B7E00DFE534 = {
						CreatedOnToolsVersion = 14.3;
					};
					D40686922A124B7F00DFE534 = {
						CreatedOnToolsVersion = 14.3;
						TestTargetID = D406867C2A124B7E00DFE534;
					};
					D406869C2A124B7F00DFE534 = {
						CreatedOnToolsVersion = 14.3;
						TestTargetID = D406867C2A124B7E00DFE534;
					};
				};
			};
			buildConfigurationList = D40686782A124B7E00DFE534 /* Build configuration list for PBXProject "ImageSearch" */;
			compatibilityVersion = "Xcode 14.0";
			developmentRegion = en;
			hasScannedForEncodings = 0;
			knownRegions = (
				en,
				Base,
			);
			mainGroup = D40686742A124B7E00DFE534;
			productRefGroup = D406867E2A124B7E00DFE534 /* Products */;
			projectDirPath = "";
			projectRoot = "";
			targets = (
				D406867C2A124B7E00DFE534 /* ImageSearch */,
				D40686922A124B7F00DFE534 /* ImageSearchTests */,
				D406869C2A124B7F00DFE534 /* ImageSearchUITests */,
			);
		};
/* End PBXProject section */

/* Begin PBXResourcesBuildPhase section */
		D406867B2A124B7E00DFE534 /* Resources */ = {
			isa = PBXResourcesBuildPhase;
			buildActionMask = 2147483647;
			files = (
				D406868D2A124B7F00DFE534 /* LaunchScreen.storyboard in Resources */,
				D406868A2A124B7F00DFE534 /* Assets.xcassets in Resources */,
				D40686882A124B7E00DFE534 /* Main.storyboard in Resources */,
			);
			runOnlyForDeploymentPostprocessing = 0;
		};
		D40686912A124B7F00DFE534 /* Resources */ = {
			isa = PBXResourcesBuildPhase;
			buildActionMask = 2147483647;
			files = (
			);
			runOnlyForDeploymentPostprocessing = 0;
		};
		D406869B2A124B7F00DFE534 /* Resources */ = {
			isa = PBXResourcesBuildPhase;
			buildActionMask = 2147483647;
			files = (
			);
			runOnlyForDeploymentPostprocessing = 0;
		};
/* End PBXResourcesBuildPhase section */

/* Begin PBXSourcesBuildPhase section */
		D40686792A124B7E00DFE534 /* Sources */ = {
			isa = PBXSourcesBuildPhase;
			buildActionMask = 2147483647;
			files = (
				D40686B72A13ADD000DFE534 /* ImageGalleryViewController.swift in Sources */,
				D40686852A124B7E00DFE534 /* ViewController.swift in Sources */,
				D40686B32A13ABD100DFE534 /* SearchViewModel.swift in Sources */,
				D40686812A124B7E00DFE534 /* AppDelegate.swift in Sources */,
				D40686832A124B7E00DFE534 /* SceneDelegate.swift in Sources */,
				D40686B52A13AD9600DFE534 /* ImageCell.swift in Sources */,
			);
			runOnlyForDeploymentPostprocessing = 0;
		};
		D406868F2A124B7F00DFE534 /* Sources */ = {
			isa = PBXSourcesBuildPhase;
			buildActionMask = 2147483647;
			files = (
				D40686982A124B7F00DFE534 /* ImageSearchTests.swift in Sources */,
			);
			runOnlyForDeploymentPostprocessing = 0;
		};
		D40686992A124B7F00DFE534 /* Sources */ = {
			isa = PBXSourcesBuildPhase;
			buildActionMask = 2147483647;
			files = (
				D40686A42A124B7F00DFE534 /* ImageSearchUITestsLaunchTests.swift in Sources */,
				D40686A22A124B7F00DFE534 /* ImageSearchUITests.swift in Sources */,
			);
			runOnlyForDeploymentPostprocessing = 0;
		};
/* End PBXSourcesBuildPhase section */

/* Begin PBXTargetDependency section */
		D40686952A124B7F00DFE534 /* PBXTargetDependency */ = {
			isa = PBXTargetDependency;
			target = D406867C2A124B7E00DFE534 /* ImageSearch */;
			targetProxy = D40686942A124B7F00DFE534 /* PBXContainerItemProxy */;
		};
		D406869F2A124B7F00DFE534 /* PBXTargetDependency */ = {
			isa = PBXTargetDependency;
			target = D406867C2A124B7E00DFE534 /* ImageSearch */;
			targetProxy = D406869E2A124B7F00DFE534 /* PBXContainerItemProxy */;
		};
/* End PBXTargetDependency section */

/* Begin PBXVariantGroup section */
		D40686862A124B7E00DFE534 /* Main.storyboard */ = {
			isa = PBXVariantGroup;
			children = (
				D40686872A124B7E00DFE534 /* Base */,
			);
			name = Main.storyboard;
			sourceTree = "<group>";
		};
		D406868B2A124B7F00DFE534 /* LaunchScreen.storyboard */ = {
			isa = PBXVariantGroup;
			children = (
				D406868C2A124B7F00DFE534 /* Base */,
			);
			name = LaunchScreen.storyboard;
			sourceTree = "<group>";
		};
/* End PBXVariantGroup section */

/* Begin XCBuildConfiguration section */
		D40686A52A124B7F00DFE534 /* Debug */ = {
			isa = XCBuildConfiguration;
			buildSettings = {
				ALWAYS_SEARCH_USER_PATHS = NO;
				CLANG_ANALYZER_NONNULL = YES;
				CLANG_ANALYZER_NUMBER_OBJECT_CONVERSION = YES_AGGRESSIVE;
				CLANG_CXX_LANGUAGE_STANDARD = "gnu++20";
				CLANG_ENABLE_MODULES = YES;
				CLANG_ENABLE_OBJC_ARC = YES;
				CLANG_ENABLE_OBJC_WEAK = YES;
				CLANG_WARN_BLOCK_CAPTURE_AUTORELEASING = YES;
				CLANG_WARN_BOOL_CONVERSION = YES;
				CLANG_WARN_COMMA = YES;
				CLANG_WARN_CONSTANT_CONVERSION = YES;
				CLANG_WARN_DEPRECATED_OBJC_IMPLEMENTATIONS = YES;
				CLANG_WARN_DIRECT_OBJC_ISA_USAGE = YES_ERROR;
				CLANG_WARN_DOCUMENTATION_COMMENTS = YES;
				CLANG_WARN_EMPTY_BODY = YES;
				CLANG_WARN_ENUM_CONVERSION = YES;
				CLANG_WARN_INFINITE_RECURSION = YES;
				CLANG_WARN_INT_CONVERSION = YES;
				CLANG_WARN_NON_LITERAL_NULL_CONVERSION = YES;
				CLANG_WARN_OBJC_IMPLICIT_RETAIN_SELF = YES;
				CLANG_WARN_OBJC_LITERAL_CONVERSION = YES;
				CLANG_WARN_OBJC_ROOT_CLASS = YES_ERROR;
				CLANG_WARN_QUOTED_INCLUDE_IN_FRAMEWORK_HEADER = YES;
				CLANG_WARN_RANGE_LOOP_ANALYSIS = YES;
				CLANG_WARN_STRICT_PROTOTYPES = YES;
				CLANG_WARN_SUSPICIOUS_MOVE = YES;
				CLANG_WARN_UNGUARDED_AVAILABILITY = YES_AGGRESSIVE;
				CLANG_WARN_UNREACHABLE_CODE = YES;
				CLANG_WARN__DUPLICATE_METHOD_MATCH = YES;
				COPY_PHASE_STRIP = NO;
				DEBUG_INFORMATION_FORMAT = dwarf;
				ENABLE_STRICT_OBJC_MSGSEND = YES;
				ENABLE_TESTABILITY = YES;
				GCC_C_LANGUAGE_STANDARD = gnu11;
				GCC_DYNAMIC_NO_PIC = NO;
				GCC_NO_COMMON_BLOCKS = YES;
				GCC_OPTIMIZATION_LEVEL = 0;
				GCC_PREPROCESSOR_DEFINITIONS = (
					"DEBUG=1",
					"$(inherited)",
				);
				GCC_WARN_64_TO_32_BIT_CONVERSION = YES;
				GCC_WARN_ABOUT_RETURN_TYPE = YES_ERROR;
				GCC_WARN_UNDECLARED_SELECTOR = YES;
				GCC_WARN_UNINITIALIZED_AUTOS = YES_AGGRESSIVE;
				GCC_WARN_UNUSED_FUNCTION = YES;
				GCC_WARN_UNUSED_VARIABLE = YES;
				IPHONEOS_DEPLOYMENT_TARGET = 16.4;
				MTL_ENABLE_DEBUG_INFO = INCLUDE_SOURCE;
				MTL_FAST_MATH = YES;
				ONLY_ACTIVE_ARCH = YES;
				SDKROOT = iphoneos;
				SWIFT_ACTIVE_COMPILATION_CONDITIONS = DEBUG;
				SWIFT_OPTIMIZATION_LEVEL = "-Onone";
			};
			name = Debug;
		};
		D40686A62A124B7F00DFE534 /* Release */ = {
			isa = XCBuildConfiguration;
			buildSettings = {
				ALWAYS_SEARCH_USER_PATHS = NO;
				CLANG_ANALYZER_NONNULL = YES;
				CLANG_ANALYZER_NUMBER_OBJECT_CONVERSION = YES_AGGRESSIVE;
				CLANG_CXX_LANGUAGE_STANDARD = "gnu++20";
				CLANG_ENABLE_MODULES = YES;
				CLANG_ENABLE_OBJC_ARC = YES;
				CLANG_ENABLE_OBJC_WEAK = YES;
				CLANG_WARN_BLOCK_CAPTURE_AUTORELEASING = YES;
				CLANG_WARN_BOOL_CONVERSION = YES;
				CLANG_WARN_COMMA = YES;
				CLANG_WARN_CONSTANT_CONVERSION = YES;
				CLANG_WARN_DEPRECATED_OBJC_IMPLEMENTATIONS = YES;
				CLANG_WARN_DIRECT_OBJC_ISA_USAGE = YES_ERROR;
				CLANG_WARN_DOCUMENTATION_COMMENTS = YES;
				CLANG_WARN_EMPTY_BODY = YES;
				CLANG_WARN_ENUM_CONVERSION = YES;
				CLANG_WARN_INFINITE_RECURSION = YES;
				CLANG_WARN_INT_CONVERSION = YES;
				CLANG_WARN_NON_LITERAL_NULL_CONVERSION = YES;
				CLANG_WARN_OBJC_IMPLICIT_RETAIN_SELF = YES;
				CLANG_WARN_OBJC_LITERAL_CONVERSION = YES;
				CLANG_WARN_OBJC_ROOT_CLASS = YES_ERROR;
				CLANG_WARN_QUOTED_INCLUDE_IN_FRAMEWORK_HEADER = YES;
				CLANG_WARN_RANGE_LOOP_ANALYSIS = YES;
				CLANG_WARN_STRICT_PROTOTYPES = YES;
				CLANG_WARN_SUSPICIOUS_MOVE = YES;
				CLANG_WARN_UNGUARDED_AVAILABILITY = YES_AGGRESSIVE;
				CLANG_WARN_UNREACHABLE_CODE = YES;
				CLANG_WARN__DUPLICATE_METHOD_MATCH = YES;
				COPY_PHASE_STRIP = NO;
				DEBUG_INFORMATION_FORMAT = "dwarf-with-dsym";
				ENABLE_NS_ASSERTIONS = NO;
				ENABLE_STRICT_OBJC_MSGSEND = YES;
				GCC_C_LANGUAGE_STANDARD = gnu11;
				GCC_NO_COMMON_BLOCKS = YES;
				GCC_WARN_64_TO_32_BIT_CONVERSION = YES;
				GCC_WARN_ABOUT_RETURN_TYPE = YES_ERROR;
				GCC_WARN_UNDECLARED_SELECTOR = YES;
				GCC_WARN_UNINITIALIZED_AUTOS = YES_AGGRESSIVE;
				GCC_WARN_UNUSED_FUNCTION = YES;
				GCC_WARN_UNUSED_VARIABLE = YES;
				IPHONEOS_DEPLOYMENT_TARGET = 16.4;
				MTL_ENABLE_DEBUG_INFO = NO;
				MTL_FAST_MATH = YES;
				SDKROOT = iphoneos;
				SWIFT_COMPILATION_MODE = wholemodule;
				SWIFT_OPTIMIZATION_LEVEL = "-O";
				VALIDATE_PRODUCT = YES;
			};
			name = Release;
		};
		D40686A82A124B7F00DFE534 /* Debug */ = {
			isa = XCBuildConfiguration;
			buildSettings = {
				ASSETCATALOG_COMPILER_APPICON_NAME = AppIcon;
				ASSETCATALOG_COMPILER_GLOBAL_ACCENT_COLOR_NAME = AccentColor;
				CODE_SIGN_STYLE = Automatic;
				CURRENT_PROJECT_VERSION = 1;
				DEVELOPMENT_TEAM = SUW3627593;
				GENERATE_INFOPLIST_FILE = YES;
				INFOPLIST_FILE = ImageSearch/Info.plist;
				INFOPLIST_KEY_UIApplicationSupportsIndirectInputEvents = YES;
				INFOPLIST_KEY_UILaunchStoryboardName = LaunchScreen;
				INFOPLIST_KEY_UIMainStoryboardFile = Main;
				INFOPLIST_KEY_UISupportedInterfaceOrientations_iPad = "UIInterfaceOrientationPortrait UIInterfaceOrientationPortraitUpsideDown UIInterfaceOrientationLandscapeLeft UIInterfaceOrientationLandscapeRight";
				INFOPLIST_KEY_UISupportedInterfaceOrientations_iPhone = "UIInterfaceOrientationPortrait UIInterfaceOrientationLandscapeLeft UIInterfaceOrientationLandscapeRight";
				LD_RUNPATH_SEARCH_PATHS = (
					"$(inherited)",
					"@executable_path/Frameworks",
				);
				MARKETING_VERSION = 1.0;
				PRODUCT_BUNDLE_IDENTIFIER = com.ofrishadmi.ImageSearch;
				PRODUCT_NAME = "$(TARGET_NAME)";
				SWIFT_EMIT_LOC_STRINGS = YES;
				SWIFT_VERSION = 5.0;
				TARGETED_DEVICE_FAMILY = "1,2";
			};
			name = Debug;
		};
		D40686A92A124B7F00DFE534 /* Release */ = {
			isa = XCBuildConfiguration;
			buildSettings = {
				ASSETCATALOG_COMPILER_APPICON_NAME = AppIcon;
				ASSETCATALOG_COMPILER_GLOBAL_ACCENT_COLOR_NAME = AccentColor;
				CODE_SIGN_STYLE = Automatic;
				CURRENT_PROJECT_VERSION = 1;
				DEVELOPMENT_TEAM = SUW3627593;
				GENERATE_INFOPLIST_FILE = YES;
				INFOPLIST_FILE = ImageSearch/Info.plist;
				INFOPLIST_KEY_UIApplicationSupportsIndirectInputEvents = YES;
				INFOPLIST_KEY_UILaunchStoryboardName = LaunchScreen;
				INFOPLIST_KEY_UIMainStoryboardFile = Main;
				INFOPLIST_KEY_UISupportedInterfaceOrientations_iPad = "UIInterfaceOrientationPortrait UIInterfaceOrientationPortraitUpsideDown UIInterfaceOrientationLandscapeLeft UIInterfaceOrientationLandscapeRight";
				INFOPLIST_KEY_UISupportedInterfaceOrientations_iPhone = "UIInterfaceOrientationPortrait UIInterfaceOrientationLandscapeLeft UIInterfaceOrientationLandscapeRight";
				LD_RUNPATH_SEARCH_PATHS = (
					"$(inherited)",
					"@executable_path/Frameworks",
				);
				MARKETING_VERSION = 1.0;
				PRODUCT_BUNDLE_IDENTIFIER = com.ofrishadmi.ImageSearch;
				PRODUCT_NAME = "$(TARGET_NAME)";
				SWIFT_EMIT_LOC_STRINGS = YES;
				SWIFT_VERSION = 5.0;
				TARGETED_DEVICE_FAMILY = "1,2";
			};
			name = Release;
		};
		D40686AB2A124B7F00DFE534 /* Debug */ = {
			isa = XCBuildConfiguration;
			buildSettings = {
				ALWAYS_EMBED_SWIFT_STANDARD_LIBRARIES = YES;
				BUNDLE_LOADER = "$(TEST_HOST)";
				CODE_SIGN_STYLE = Automatic;
				CURRENT_PROJECT_VERSION = 1;
				DEVELOPMENT_TEAM = L9R4X7M7TH;
				GENERATE_INFOPLIST_FILE = YES;
				IPHONEOS_DEPLOYMENT_TARGET = 16.4;
				MARKETING_VERSION = 1.0;
				PRODUCT_BUNDLE_IDENTIFIER = cherryImaging.ImageSearchTests;
				PRODUCT_NAME = "$(TARGET_NAME)";
				SWIFT_EMIT_LOC_STRINGS = NO;
				SWIFT_VERSION = 5.0;
				TARGETED_DEVICE_FAMILY = "1,2";
				TEST_HOST = "$(BUILT_PRODUCTS_DIR)/ImageSearch.app/$(BUNDLE_EXECUTABLE_FOLDER_PATH)/ImageSearch";
			};
			name = Debug;
		};
		D40686AC2A124B7F00DFE534 /* Release */ = {
			isa = XCBuildConfiguration;
			buildSettings = {
				ALWAYS_EMBED_SWIFT_STANDARD_LIBRARIES = YES;
				BUNDLE_LOADER = "$(TEST_HOST)";
				CODE_SIGN_STYLE = Automatic;
				CURRENT_PROJECT_VERSION = 1;
				DEVELOPMENT_TEAM = L9R4X7M7TH;
				GENERATE_INFOPLIST_FILE = YES;
				IPHONEOS_DEPLOYMENT_TARGET = 16.4;
				MARKETING_VERSION = 1.0;
				PRODUCT_BUNDLE_IDENTIFIER = cherryImaging.ImageSearchTests;
				PRODUCT_NAME = "$(TARGET_NAME)";
				SWIFT_EMIT_LOC_STRINGS = NO;
				SWIFT_VERSION = 5.0;
				TARGETED_DEVICE_FAMILY = "1,2";
				TEST_HOST = "$(BUILT_PRODUCTS_DIR)/ImageSearch.app/$(BUNDLE_EXECUTABLE_FOLDER_PATH)/ImageSearch";
			};
			name = Release;
		};
		D40686AE2A124B7F00DFE534 /* Debug */ = {
			isa = XCBuildConfiguration;
			buildSettings = {
				ALWAYS_EMBED_SWIFT_STANDARD_LIBRARIES = YES;
				CODE_SIGN_STYLE = Automatic;
				CURRENT_PROJECT_VERSION = 1;
				DEVELOPMENT_TEAM = L9R4X7M7TH;
				GENERATE_INFOPLIST_FILE = YES;
				MARKETING_VERSION = 1.0;
				PRODUCT_BUNDLE_IDENTIFIER = cherryImaging.ImageSearchUITests;
				PRODUCT_NAME = "$(TARGET_NAME)";
				SWIFT_EMIT_LOC_STRINGS = NO;
				SWIFT_VERSION = 5.0;
				TARGETED_DEVICE_FAMILY = "1,2";
				TEST_TARGET_NAME = ImageSearch;
			};
			name = Debug;
		};
		D40686AF2A124B7F00DFE534 /* Release */ = {
			isa = XCBuildConfiguration;
			buildSettings = {
				ALWAYS_EMBED_SWIFT_STANDARD_LIBRARIES = YES;
				CODE_SIGN_STYLE = Automatic;
				CURRENT_PROJECT_VERSION = 1;
				DEVELOPMENT_TEAM = L9R4X7M7TH;
				GENERATE_INFOPLIST_FILE = YES;
				MARKETING_VERSION = 1.0;
				PRODUCT_BUNDLE_IDENTIFIER = cherryImaging.ImageSearchUITests;
				PRODUCT_NAME = "$(TARGET_NAME)";
				SWIFT_EMIT_LOC_STRINGS = NO;
				SWIFT_VERSION = 5.0;
				TARGETED_DEVICE_FAMILY = "1,2";
				TEST_TARGET_NAME = ImageSearch;
			};
			name = Release;
		};
/* End XCBuildConfiguration section */

/* Begin XCConfigurationList section */
		D40686782A124B7E00DFE534 /* Build configuration list for PBXProject "ImageSearch" */ = {
			isa = XCConfigurationList;
			buildConfigurations = (
				D40686A52A124B7F00DFE534 /* Debug */,
				D40686A62A124B7F00DFE534 /* Release */,
			);
			defaultConfigurationIsVisible = 0;
			defaultConfigurationName = Release;
		};
		D40686A72A124B7F00DFE534 /* Build configuration list for PBXNativeTarget "ImageSearch" */ = {
			isa = XCConfigurationList;
			buildConfigurations = (
				D40686A82A124B7F00DFE534 /* Debug */,
				D40686A92A124B7F00DFE534 /* Release */,
			);
			defaultConfigurationIsVisible = 0;
			defaultConfigurationName = Release;
		};
		D40686AA2A124B7F00DFE534 /* Build configuration list for PBXNativeTarget "ImageSearchTests" */ = {
			isa = XCConfigurationList;
			buildConfigurations = (
				D40686AB2A124B7F00DFE534 /* Debug */,
				D40686AC2A124B7F00DFE534 /* Release */,
			);
			defaultConfigurationIsVisible = 0;
			defaultConfigurationName = Release;
		};
		D40686AD2A124B7F00DFE534 /* Build configuration list for PBXNativeTarget "ImageSearchUITests" */ = {
			isa = XCConfigurationList;
			buildConfigurations = (
				D40686AE2A124B7F00DFE534 /* Debug */,
				D40686AF2A124B7F00DFE534 /* Release */,
			);
			defaultConfigurationIsVisible = 0;
			defaultConfigurationName = Release;
		};
/* End XCConfigurationList section */
	};
	rootObject = D40686752A124B7E00DFE534 /* Project object */;
}
